{
  "name": "@reactive-service/vue",
  "version": "0.0.1",
  "lockfileVersion": 1,
  "requires": true,
  "dependencies": {
    "@reactive-service/core": {
      "version": "0.6.2",
      "resolved": "https://registry.npmjs.org/@reactive-service/core/-/core-0.6.2.tgz",
      "integrity": "sha512-Q/QbaVjyK74GmdkNK6zLTm3j02PaEny0Y6RuYK+1NucBJj5NK4w4azHt3V07h/BCn0T6dtC9WV6doeuhg2RjIA=="
    }
  }
}
