{
  "name": "@reactive-service/react",
  "version": "0.9.0",
  "lockfileVersion": 1,
  "requires": true,
  "dependencies": {
    "@reactive-service/core": {
      "version": "0.7.0",
      "resolved": "https://registry.npmjs.org/@reactive-service/core/-/core-0.7.0.tgz",
      "integrity": "sha512-5n8QcL1H9cL+u68ycIDTLUeRNh18eh2usZiAV6yPR7uDKgi6Vbq2fNMpju8VNtcy1WdWaJncvArUNasyVVg2xQ=="
    }
  }
}
