{
  "name": "@reactive-service/react",
  "version": "0.8.4",
  "lockfileVersion": 1,
  "requires": true,
  "dependencies": {
    "@reactive-service/core": {
      "version": "0.6.4",
      "resolved": "https://registry.npmjs.org/@reactive-service/core/-/core-0.6.4.tgz",
      "integrity": "sha512-kXc1Z71SD5W47I/BZ13+KHzggRyWdmaqHrPVOVnbGAqhuybJx51L7iQ3oe585ak0sMGcbdktNv/rxgRxSpAwow=="
    }
  }
}
